version = 1
revision = 1
requires-python = ">=3.13"

[[package]]
name = "absl-py"
version = "2.1.0"
source = { registry = "https://pypi.org/simple" }
sdist = { url = "https://files.pythonhosted.org/packages/7a/8f/fc001b92ecc467cc32ab38398bd0bfb45df46e7523bf33c2ad22a505f06e/absl-py-2.1.0.tar.gz", hash = "sha256:7820790efbb316739cde8b4e19357243fc3608a152024288513dd968d7d959ff", size = 118055 }
wheels = [
    { url = "https://files.pythonhosted.org/packages/a2/ad/e0d3c824784ff121c03cc031f944bc7e139a8f1870ffd2845cc2dd76f6c4/absl_py-2.1.0-py3-none-any.whl", hash = "sha256:526a04eadab8b4ee719ce68f204172ead1027549089702d99b9059f129ff1308", size = 133706 },
]

[[package]]
name = "appdirs"
version = "1.4.4"
source = { registry = "https://pypi.org/simple" }
sdist = { url = "https://files.pythonhosted.org/packages/d7/d8/05696357e0311f5b5c316d7b95f46c669dd9c15aaeecbb48c7d0aeb88c40/appdirs-1.4.4.tar.gz", hash = "sha256:7d5d0167b2b1ba821647616af46a749d1c653740dd0d2415100fe26e27afdf41", size = 13470 }
wheels = [
    { url = "https://files.pythonhosted.org/packages/3b/00/2344469e2084fb287c2e0b57b72910309874c3245463acd6cf5e3db69324/appdirs-1.4.4-py2.py3-none-any.whl", hash = "sha256:a841dacd6b99318a741b166adb07e19ee71a274450e68237b4650ca1055ab128", size = 9566 },
]

[[package]]
name = "attrs"
version = "25.3.0"
source = { registry = "https://pypi.org/simple" }
sdist = { url = "https://files.pythonhosted.org/packages/5a/b0/1367933a8532ee6ff8d63537de4f1177af4bff9f3e829baf7331f595bb24/attrs-25.3.0.tar.gz", hash = "sha256:75d7cefc7fb576747b2c81b4442d4d4a1ce0900973527c011d1030fd3bf4af1b", size = 812032 }
wheels = [
    { url = "https://files.pythonhosted.org/packages/77/06/bb80f5f86020c4551da315d78b3ab75e8228f89f0162f2c3a819e407941a/attrs-25.3.0-py3-none-any.whl", hash = "sha256:427318ce031701fea540783410126f03899a97ffc6f61596ad581ac2e40e3bc3", size = 63815 },
]

[[package]]
name = "booleanoperations"
version = "0.9.0"
source = { registry = "https://pypi.org/simple" }
dependencies = [
    { name = "fonttools" },
    { name = "pyclipper" },
]
sdist = { url = "https://files.pythonhosted.org/packages/57/d9/9eae7bc4ba3a38ab7426522fb08e12df54aec27595d7bcd1bc0670aec873/booleanOperations-0.9.0.zip", hash = "sha256:8cfa821c32ad374fa120d6b2e0b444ebeac57c91e6631528645fa19ac2a281b8", size = 202950 }
wheels = [
    { url = "https://files.pythonhosted.org/packages/fc/c6/c4cae54f482465a33c5f011d95ec64293dce9e012dac7873147c2dc85396/booleanOperations-0.9.0-py3-none-any.whl", hash = "sha256:86c291c2fba9faedff6f007c932d7f242dd9b4304e9c6ca8149f864d07877a59", size = 18480 },
]

[[package]]
name = "brotli"
version = "1.0.9"
source = { registry = "https://pypi.org/simple" }
sdist = { url = "https://files.pythonhosted.org/packages/2a/18/70c32fe9357f3eea18598b23aa9ed29b1711c3001835f7cf99a9818985d0/Brotli-1.0.9.zip", hash = "sha256:4d1b810aa0ed773f81dceda2cc7b403d01057458730e309856356d4ef4188438", size = 510202 }

[[package]]
name = "cffsubr"
version = "0.3.0"
source = { registry = "https://pypi.org/simple" }
dependencies = [
    { name = "fonttools" },
]
sdist = { url = "https://files.pythonhosted.org/packages/a7/34/189fac2e58cfe3104bdbcc0ba9e28aa32559ff7b1bf23369be0cfd86b1a0/cffsubr-0.3.0.tar.gz", hash = "sha256:7745150bdb81679facdd11c1f3b87096c4f4dbd4957e8fcebb88c45687952efb", size = 17830033 }
wheels = [
    { url = "https://files.pythonhosted.org/packages/fa/d0/a0189efd0e9372057c7eec3c4ef7f4173d71cbb78649631aaebbc470c34c/cffsubr-0.3.0-py3-none-macosx_10_9_universal2.whl", hash = "sha256:7a961d46faef6f35a965d088eb9f1d09c1ad069b4c838cc7ec61550352a539d9", size = 794666 },
    { url = "https://files.pythonhosted.org/packages/9c/ad/6b54807c9e6184dbd843bf16415e918083f15e4a4d871d74d3aa34cf0bd4/cffsubr-0.3.0-py3-none-manylinux_2_17_x86_64.manylinux2014_x86_64.whl", hash = "sha256:2a0cec38325cf77005605031b65b21afee7192db71996736932274abadcdccfe", size = 1075963 },
    { url = "https://files.pythonhosted.org/packages/91/c8/37b7f14d70f02212240a56ec78f4c5a7afd0f29170922c2da12a6f419375/cffsubr-0.3.0-py3-none-win32.whl", hash = "sha256:eb1fcde72824d947a2ef2525c21817620adbaac1ae33676c66b65aa60d669a4b", size = 794121 },
    { url = "https://files.pythonhosted.org/packages/30/47/256b36787b5b31c8d43a0b2d9974cfa55d2314b06da3d0d006ae8de50afa/cffsubr-0.3.0-py3-none-win_amd64.whl", hash = "sha256:c000336bbdd81a7814806f502cd255cfdfd7c10bcec8cb51fe60e0f1f2d9f62e", size = 965943 },
]

[[package]]
name = "charming"
version = "0.1.0"
source = { virtual = "." }
dependencies = [
    { name = "brotli" },
    { name = "nanoemoji" },
]

[package.metadata]
requires-dist = [
    { name = "brotli", specifier = "==1.0.9" },
    { name = "nanoemoji", specifier = "==0.15.1" },
]

[[package]]
name = "fontmath"
version = "0.9.4"
source = { registry = "https://pypi.org/simple" }
dependencies = [
    { name = "fonttools" },
]
sdist = { url = "https://files.pythonhosted.org/packages/0d/ee/c23438eb01ee4b43beb79c148088589661a3eb1c6549ec82baebea059c99/fontmath-0.9.4.zip", hash = "sha256:1fd9190c9d784e1305c3c49771b91d910f246a4b7c44ede219c99a07ed7aeda4", size = 39399 }
wheels = [
    { url = "https://files.pythonhosted.org/packages/80/2b/a70e202f2d314a3ebbaad02d6471cb6dcf5fa796f744f969f37a2ed038d9/fontMath-0.9.4-py2.py3-none-any.whl", hash = "sha256:ccb7a55709530520f112ebfbf5f5aa6be8c63e5baecab7a26c18a146e000a498", size = 32280 },
]

[[package]]
name = "fonttools"
version = "4.56.0"
source = { registry = "https://pypi.org/simple" }
sdist = { url = "https://files.pythonhosted.org/packages/1c/8c/9ffa2a555af0e5e5d0e2ed7fdd8c9bef474ed676995bb4c57c9cd0014248/fonttools-4.56.0.tar.gz", hash = "sha256:a114d1567e1a1586b7e9e7fc2ff686ca542a82769a296cef131e4c4af51e58f4", size = 3462892 }
wheels = [
    { url = "https://files.pythonhosted.org/packages/a5/55/f06b48d48e0b4ec3a3489efafe9bd4d81b6e0802ac51026e3ee4634e89ba/fonttools-4.56.0-cp313-cp313-macosx_10_13_universal2.whl", hash = "sha256:f20e2c0dfab82983a90f3d00703ac0960412036153e5023eed2b4641d7d5e692", size = 2735127 },
    { url = "https://files.pythonhosted.org/packages/59/db/d2c7c9b6dd5cbd46f183e650a47403ffb88fca17484eb7c4b1cd88f9e513/fonttools-4.56.0-cp313-cp313-macosx_10_13_x86_64.whl", hash = "sha256:f36a0868f47b7566237640c026c65a86d09a3d9ca5df1cd039e30a1da73098a0", size = 2272519 },
    { url = "https://files.pythonhosted.org/packages/4d/a2/da62d779c34a0e0c06415f02eab7fa3466de5d46df459c0275a255cefc65/fonttools-4.56.0-cp313-cp313-manylinux_2_17_aarch64.manylinux2014_aarch64.whl", hash = "sha256:62b4c6802fa28e14dba010e75190e0e6228513573f1eeae57b11aa1a39b7e5b1", size = 4762423 },
    { url = "https://files.pythonhosted.org/packages/be/6a/fd4018e0448c8a5e12138906411282c5eab51a598493f080a9f0960e658f/fonttools-4.56.0-cp313-cp313-manylinux_2_5_x86_64.manylinux1_x86_64.manylinux_2_17_x86_64.manylinux2014_x86_64.whl", hash = "sha256:a05d1f07eb0a7d755fbe01fee1fd255c3a4d3730130cf1bfefb682d18fd2fcea", size = 4834442 },
    { url = "https://files.pythonhosted.org/packages/6d/63/fa1dec8efb35bc11ef9c39b2d74754b45d48a3ccb2cf78c0109c0af639e8/fonttools-4.56.0-cp313-cp313-musllinux_1_2_aarch64.whl", hash = "sha256:0073b62c3438cf0058488c002ea90489e8801d3a7af5ce5f7c05c105bee815c3", size = 4742800 },
    { url = "https://files.pythonhosted.org/packages/dd/f4/963247ae8c73ccc4cf2929e7162f595c81dbe17997d1d0ea77da24a217c9/fonttools-4.56.0-cp313-cp313-musllinux_1_2_x86_64.whl", hash = "sha256:e2cad98c94833465bcf28f51c248aaf07ca022efc6a3eba750ad9c1e0256d278", size = 4963746 },
    { url = "https://files.pythonhosted.org/packages/ea/e0/46f9600c39c644b54e4420f941f75fa200d9288c9ae171e5d80918b8cbb9/fonttools-4.56.0-cp313-cp313-win32.whl", hash = "sha256:d0cb73ccf7f6d7ca8d0bc7ea8ac0a5b84969a41c56ac3ac3422a24df2680546f", size = 2140927 },
    { url = "https://files.pythonhosted.org/packages/27/6d/3edda54f98a550a0473f032d8050315fbc8f1b76a0d9f3879b72ebb2cdd6/fonttools-4.56.0-cp313-cp313-win_amd64.whl", hash = "sha256:62cc1253827d1e500fde9dbe981219fea4eb000fd63402283472d38e7d8aa1c6", size = 2186709 },
    { url = "https://files.pythonhosted.org/packages/bf/ff/44934a031ce5a39125415eb405b9efb76fe7f9586b75291d66ae5cbfc4e6/fonttools-4.56.0-py3-none-any.whl", hash = "sha256:1088182f68c303b50ca4dc0c82d42083d176cba37af1937e1a976a31149d4d14", size = 1089800 },
]

[package.optional-dependencies]
ufo = [
    { name = "fs" },
]

[[package]]
name = "fs"
version = "2.4.16"
source = { registry = "https://pypi.org/simple" }
dependencies = [
    { name = "appdirs" },
    { name = "setuptools" },
    { name = "six" },
]
sdist = { url = "https://files.pythonhosted.org/packages/5d/a9/af5bfd5a92592c16cdae5c04f68187a309be8a146b528eac3c6e30edbad2/fs-2.4.16.tar.gz", hash = "sha256:ae97c7d51213f4b70b6a958292530289090de3a7e15841e108fbe144f069d313", size = 187441 }
wheels = [
    { url = "https://files.pythonhosted.org/packages/b9/5c/a3d95dc1ec6cdeb032d789b552ecc76effa3557ea9186e1566df6aac18df/fs-2.4.16-py2.py3-none-any.whl", hash = "sha256:660064febbccda264ae0b6bace80a8d1be9e089e0a5eb2427b7d517f9a91545c", size = 135261 },
]

[[package]]
name = "lxml"
version = "5.3.1"
source = { registry = "https://pypi.org/simple" }
sdist = { url = "https://files.pythonhosted.org/packages/ef/f6/c15ca8e5646e937c148e147244817672cf920b56ac0bf2cc1512ae674be8/lxml-5.3.1.tar.gz", hash = "sha256:106b7b5d2977b339f1e97efe2778e2ab20e99994cbb0ec5e55771ed0795920c8", size = 3678591 }
wheels = [
    { url = "https://files.pythonhosted.org/packages/94/1c/724931daa1ace168e0237b929e44062545bf1551974102a5762c349c668d/lxml-5.3.1-cp313-cp313-macosx_10_13_universal2.whl", hash = "sha256:c093c7088b40d8266f57ed71d93112bd64c6724d31f0794c1e52cc4857c28e0e", size = 8171881 },
    { url = "https://files.pythonhosted.org/packages/67/0c/857b8fb6010c4246e66abeebb8639eaabba60a6d9b7c606554ecc5cbf1ee/lxml-5.3.1-cp313-cp313-macosx_10_13_x86_64.whl", hash = "sha256:b0884e3f22d87c30694e625b1e62e6f30d39782c806287450d9dc2fdf07692fd", size = 4440394 },
    { url = "https://files.pythonhosted.org/packages/61/72/c9e81de6a000f9682ccdd13503db26e973b24c68ac45a7029173237e3eed/lxml-5.3.1-cp313-cp313-manylinux_2_12_i686.manylinux2010_i686.manylinux_2_17_i686.manylinux2014_i686.whl", hash = "sha256:1637fa31ec682cd5760092adfabe86d9b718a75d43e65e211d5931809bc111e7", size = 5037860 },
    { url = "https://files.pythonhosted.org/packages/24/26/942048c4b14835711b583b48cd7209bd2b5f0b6939ceed2381a494138b14/lxml-5.3.1-cp313-cp313-manylinux_2_17_aarch64.manylinux2014_aarch64.whl", hash = "sha256:a364e8e944d92dcbf33b6b494d4e0fb3499dcc3bd9485beb701aa4b4201fa414", size = 4782513 },
    { url = "https://files.pythonhosted.org/packages/e2/65/27792339caf00f610cc5be32b940ba1e3009b7054feb0c4527cebac228d4/lxml-5.3.1-cp313-cp313-manylinux_2_17_ppc64le.manylinux2014_ppc64le.whl", hash = "sha256:779e851fd0e19795ccc8a9bb4d705d6baa0ef475329fe44a13cf1e962f18ff1e", size = 5305227 },
    { url = "https://files.pythonhosted.org/packages/18/e1/25f7aa434a4d0d8e8420580af05ea49c3e12db6d297cf5435ac0a054df56/lxml-5.3.1-cp313-cp313-manylinux_2_17_s390x.manylinux2014_s390x.whl", hash = "sha256:c4393600915c308e546dc7003d74371744234e8444a28622d76fe19b98fa59d1", size = 4829846 },
    { url = "https://files.pythonhosted.org/packages/fe/ed/faf235e0792547d24f61ee1448159325448a7e4f2ab706503049d8e5df19/lxml-5.3.1-cp313-cp313-manylinux_2_17_x86_64.manylinux2014_x86_64.whl", hash = "sha256:673b9d8e780f455091200bba8534d5f4f465944cbdd61f31dc832d70e29064a5", size = 4949495 },
    { url = "https://files.pythonhosted.org/packages/e5/e1/8f572ad9ed6039ba30f26dd4c2c58fb90f79362d2ee35ca3820284767672/lxml-5.3.1-cp313-cp313-manylinux_2_28_aarch64.whl", hash = "sha256:2e4a570f6a99e96c457f7bec5ad459c9c420ee80b99eb04cbfcfe3fc18ec6423", size = 4773415 },
    { url = "https://files.pythonhosted.org/packages/a3/75/6b57166b9d1983dac8f28f354e38bff8d6bcab013a241989c4d54c72701b/lxml-5.3.1-cp313-cp313-manylinux_2_28_ppc64le.whl", hash = "sha256:71f31eda4e370f46af42fc9f264fafa1b09f46ba07bdbee98f25689a04b81c20", size = 5337710 },
    { url = "https://files.pythonhosted.org/packages/cc/71/4aa56e2daa83bbcc66ca27b5155be2f900d996f5d0c51078eaaac8df9547/lxml-5.3.1-cp313-cp313-manylinux_2_28_s390x.whl", hash = "sha256:42978a68d3825eaac55399eb37a4d52012a205c0c6262199b8b44fcc6fd686e8", size = 4897362 },
    { url = "https://files.pythonhosted.org/packages/65/10/3fa2da152cd9b49332fd23356ed7643c9b74cad636ddd5b2400a9730d12b/lxml-5.3.1-cp313-cp313-manylinux_2_28_x86_64.whl", hash = "sha256:8b1942b3e4ed9ed551ed3083a2e6e0772de1e5e3aca872d955e2e86385fb7ff9", size = 4977795 },
    { url = "https://files.pythonhosted.org/packages/de/d2/e1da0f7b20827e7b0ce934963cb6334c1b02cf1bb4aecd218c4496880cb3/lxml-5.3.1-cp313-cp313-musllinux_1_2_aarch64.whl", hash = "sha256:85c4f11be9cf08917ac2a5a8b6e1ef63b2f8e3799cec194417e76826e5f1de9c", size = 4858104 },
    { url = "https://files.pythonhosted.org/packages/a5/35/063420e1b33d3308f5aa7fcbdd19ef6c036f741c9a7a4bd5dc8032486b27/lxml-5.3.1-cp313-cp313-musllinux_1_2_ppc64le.whl", hash = "sha256:231cf4d140b22a923b1d0a0a4e0b4f972e5893efcdec188934cc65888fd0227b", size = 5416531 },
    { url = "https://files.pythonhosted.org/packages/c3/83/93a6457d291d1e37adfb54df23498101a4701834258c840381dd2f6a030e/lxml-5.3.1-cp313-cp313-musllinux_1_2_s390x.whl", hash = "sha256:5865b270b420eda7b68928d70bb517ccbe045e53b1a428129bb44372bf3d7dd5", size = 5273040 },
    { url = "https://files.pythonhosted.org/packages/39/25/ad4ac8fac488505a2702656550e63c2a8db3a4fd63db82a20dad5689cecb/lxml-5.3.1-cp313-cp313-musllinux_1_2_x86_64.whl", hash = "sha256:dbf7bebc2275016cddf3c997bf8a0f7044160714c64a9b83975670a04e6d2252", size = 5050951 },
    { url = "https://files.pythonhosted.org/packages/82/74/f7d223c704c87e44b3d27b5e0dde173a2fcf2e89c0524c8015c2b3554876/lxml-5.3.1-cp313-cp313-win32.whl", hash = "sha256:d0751528b97d2b19a388b302be2a0ee05817097bab46ff0ed76feeec24951f78", size = 3485357 },
    { url = "https://files.pythonhosted.org/packages/80/83/8c54533b3576f4391eebea88454738978669a6cad0d8e23266224007939d/lxml-5.3.1-cp313-cp313-win_amd64.whl", hash = "sha256:91fb6a43d72b4f8863d21f347a9163eecbf36e76e2f51068d59cd004c506f332", size = 3814484 },
]

[[package]]
name = "nanoemoji"
version = "0.15.1"
source = { registry = "https://pypi.org/simple" }
dependencies = [
    { name = "absl-py" },
    { name = "fonttools", extra = ["ufo"] },
    { name = "lxml" },
    { name = "ninja" },
    { name = "picosvg" },
    { name = "pillow" },
    { name = "pngquant-cli" },
    { name = "regex" },
    { name = "resvg-cli" },
    { name = "toml" },
    { name = "ufo2ft" },
    { name = "ufolib2" },
    { name = "zopfli" },
]
sdist = { url = "https://files.pythonhosted.org/packages/cc/21/d0883a662affade8a6e696f299178d180935f308eeb69b8ff37ec58bf150/nanoemoji-0.15.1.tar.gz", hash = "sha256:12d4cf7947405e92dee9f17b2bedf681dfc0ab1f22d70099d175a782e63b9420", size = 159370 }
wheels = [
    { url = "https://files.pythonhosted.org/packages/94/14/10c813f774a2aa6348c186d2ce0534374ec50aff96658c6ace4e56b7a715/nanoemoji-0.15.1-py3-none-any.whl", hash = "sha256:fe57dddc91dc90ccb252f080a238ccb785378c54bf95874be1c83e6a124b27cd", size = 110980 },
]

[[package]]
name = "ninja"
version = "1.11.1.3"
source = { registry = "https://pypi.org/simple" }
sdist = { url = "https://files.pythonhosted.org/packages/bd/8f/21a2701f95b7d0d5137736561b3427ece0c4a1e085d4a223b92d16ab7d8b/ninja-1.11.1.3.tar.gz", hash = "sha256:edfa0d2e9d7ead1635b03e40a32ad56cc8f56798b6e2e9848d8300b174897076", size = 129532 }
wheels = [
    { url = "https://files.pythonhosted.org/packages/ea/ba/0069cd4a83d68f7b0308be70e219b15d675e50c8ea28763a3f0373c45bfc/ninja-1.11.1.3-py3-none-macosx_10_9_universal2.whl", hash = "sha256:2b4879ea3f1169f3d855182c57dcc84d1b5048628c8b7be0d702b81882a37237", size = 279132 },
    { url = "https://files.pythonhosted.org/packages/72/6b/3805be87df8417a0c7b21078c8045f2a1e59b34f371bfe4cb4fb0d6df7f2/ninja-1.11.1.3-py3-none-manylinux_2_12_i686.manylinux2010_i686.whl", hash = "sha256:bc3ebc8b2e47716149f3541742b5cd8e0b08f51013b825c05baca3e34854370d", size = 472101 },
    { url = "https://files.pythonhosted.org/packages/6b/35/a8e38d54768e67324e365e2a41162be298f51ec93e6bd4b18d237d7250d8/ninja-1.11.1.3-py3-none-manylinux_2_12_x86_64.manylinux2010_x86_64.whl", hash = "sha256:a27e78ca71316c8654965ee94b286a98c83877bfebe2607db96897bbfe458af0", size = 422884 },
    { url = "https://files.pythonhosted.org/packages/2f/99/7996457319e139c02697fb2aa28e42fe32bb0752cef492edc69d56a3552e/ninja-1.11.1.3-py3-none-manylinux_2_17_aarch64.manylinux2014_aarch64.whl", hash = "sha256:2883ea46b3c5079074f56820f9989c6261fcc6fd873d914ee49010ecf283c3b2", size = 157046 },
    { url = "https://files.pythonhosted.org/packages/6d/8b/93f38e5cddf76ccfdab70946515b554f25d2b4c95ef9b2f9cfbc43fa7cc1/ninja-1.11.1.3-py3-none-manylinux_2_17_ppc64le.manylinux2014_ppc64le.whl", hash = "sha256:8c4bdb9fd2d0c06501ae15abfd23407660e95659e384acd36e013b6dd7d8a8e4", size = 180014 },
    { url = "https://files.pythonhosted.org/packages/7d/1d/713884d0fa3c972164f69d552e0701d30e2bf25eba9ef160bfb3dc69926a/ninja-1.11.1.3-py3-none-manylinux_2_17_s390x.manylinux2014_s390x.whl", hash = "sha256:114ed5c61c8474df6a69ab89097a20749b769e2c219a452cb2fadc49b0d581b0", size = 157098 },
    { url = "https://files.pythonhosted.org/packages/c7/22/ecb0f70e77c9e22ee250aa717a608a142756833a34d43943d7d658ee0e56/ninja-1.11.1.3-py3-none-manylinux_2_28_armv7l.manylinux_2_31_armv7l.whl", hash = "sha256:7fa2247fce98f683bc712562d82b22b8a0a5c000738a13147ca2d1b68c122298", size = 130089 },
    { url = "https://files.pythonhosted.org/packages/ec/a6/3ee846c20ab6ad95b90c5c8703c76cb1f39cc8ce2d1ae468956e3b1b2581/ninja-1.11.1.3-py3-none-musllinux_1_1_aarch64.whl", hash = "sha256:a38c6c6c8032bed68b70c3b065d944c35e9f903342875d3a3218c1607987077c", size = 372508 },
    { url = "https://files.pythonhosted.org/packages/95/0d/aa44abe4141f29148ce671ac8c92045878906b18691c6f87a29711c2ff1c/ninja-1.11.1.3-py3-none-musllinux_1_1_i686.whl", hash = "sha256:56ada5d33b8741d298836644042faddebc83ee669782d661e21563034beb5aba", size = 419369 },
    { url = "https://files.pythonhosted.org/packages/f7/ec/48bf5105568ac9bd2016b701777bdd5000cc09a14ac837fef9f15e8d634e/ninja-1.11.1.3-py3-none-musllinux_1_1_ppc64le.whl", hash = "sha256:53409151da081f3c198bb0bfc220a7f4e821e022c5b7d29719adda892ddb31bb", size = 420304 },
    { url = "https://files.pythonhosted.org/packages/18/e5/69df63976cf971a03379899f8520a036c9dbab26330b37197512aed5b3df/ninja-1.11.1.3-py3-none-musllinux_1_1_s390x.whl", hash = "sha256:1ad2112c2b0159ed7c4ae3731595191b1546ba62316fc40808edecd0306fefa3", size = 416056 },
    { url = "https://files.pythonhosted.org/packages/6f/4f/bdb401af7ed0e24a3fef058e13a149f2de1ce4b176699076993615d55610/ninja-1.11.1.3-py3-none-musllinux_1_1_x86_64.whl", hash = "sha256:28aea3c1c280cba95b8608d50797169f3a34280e3e9a6379b6e340f0c9eaeeb0", size = 379725 },
    { url = "https://files.pythonhosted.org/packages/bd/68/05e7863bf13128c61652eeb3ec7096c3d3a602f32f31752dbfb034e3fa07/ninja-1.11.1.3-py3-none-musllinux_1_2_armv7l.whl", hash = "sha256:b6966f83064a88a51693073eea3decd47e08c3965241e09578ef7aa3a7738329", size = 434881 },
    { url = "https://files.pythonhosted.org/packages/bd/ad/edc0d1efe77f29f45bbca2e1dab07ef597f61a88de6e4bccffc0aec2256c/ninja-1.11.1.3-py3-none-win32.whl", hash = "sha256:a4a3b71490557e18c010cbb26bd1ea9a0c32ee67e8f105e9731515b6e0af792e", size = 255988 },
    { url = "https://files.pythonhosted.org/packages/03/93/09a9f7672b4f97438aca6217ac54212a63273f1cd3b46b731d0bb22c53e7/ninja-1.11.1.3-py3-none-win_amd64.whl", hash = "sha256:04d48d14ea7ba11951c156599ab526bdda575450797ff57c6fdf99b2554d09c7", size = 296502 },
    { url = "https://files.pythonhosted.org/packages/d9/9d/0cc1e82849070ff3cbee69f326cb48a839407bcd15d8844443c30a5e7509/ninja-1.11.1.3-py3-none-win_arm64.whl", hash = "sha256:17978ad611d8ead578d83637f5ae80c2261b033db0b493a7ce94f88623f29e1b", size = 270571 },
]

[[package]]
name = "picosvg"
version = "0.22.1"
source = { registry = "https://pypi.org/simple" }
dependencies = [
    { name = "absl-py" },
    { name = "lxml" },
    { name = "skia-pathops" },
]
sdist = { url = "https://files.pythonhosted.org/packages/ca/9b/e4dc7310c9acef070e1fd9aaff623b3db4302d0e7b6e96e94ef5e6bd1c79/picosvg-0.22.1.tar.gz", hash = "sha256:d9d7d9ecbdef53cab1493f283545163b32844dd8d2ed9e1471671c7ce817618d", size = 116697 }
wheels = [
    { url = "https://files.pythonhosted.org/packages/83/0b/db1c82c24675804fa536995e6d9033479d6400dae2dea34ed641324ab6d4/picosvg-0.22.1-py3-none-any.whl", hash = "sha256:a919a28a96db726b1066e0eec70b3690e87712d18d9f597bca167971ff3c75a4", size = 51169 },
]

[[package]]
name = "pillow"
version = "11.1.0"
source = { registry = "https://pypi.org/simple" }
sdist = { url = "https://files.pythonhosted.org/packages/f3/af/c097e544e7bd278333db77933e535098c259609c4eb3b85381109602fb5b/pillow-11.1.0.tar.gz", hash = "sha256:368da70808b36d73b4b390a8ffac11069f8a5c85f29eff1f1b01bcf3ef5b2a20", size = 46742715 }
wheels = [
    { url = "https://files.pythonhosted.org/packages/b3/31/9ca79cafdce364fd5c980cd3416c20ce1bebd235b470d262f9d24d810184/pillow-11.1.0-cp313-cp313-macosx_10_13_x86_64.whl", hash = "sha256:ae98e14432d458fc3de11a77ccb3ae65ddce70f730e7c76140653048c71bfcbc", size = 3226640 },
    { url = "https://files.pythonhosted.org/packages/ac/0f/ff07ad45a1f172a497aa393b13a9d81a32e1477ef0e869d030e3c1532521/pillow-11.1.0-cp313-cp313-macosx_11_0_arm64.whl", hash = "sha256:cc1331b6d5a6e144aeb5e626f4375f5b7ae9934ba620c0ac6b3e43d5e683a0f0", size = 3101437 },
    { url = "https://files.pythonhosted.org/packages/08/2f/9906fca87a68d29ec4530be1f893149e0cb64a86d1f9f70a7cfcdfe8ae44/pillow-11.1.0-cp313-cp313-manylinux_2_17_aarch64.manylinux2014_aarch64.whl", hash = "sha256:758e9d4ef15d3560214cddbc97b8ef3ef86ce04d62ddac17ad39ba87e89bd3b1", size = 4326605 },
    { url = "https://files.pythonhosted.org/packages/b0/0f/f3547ee15b145bc5c8b336401b2d4c9d9da67da9dcb572d7c0d4103d2c69/pillow-11.1.0-cp313-cp313-manylinux_2_17_x86_64.manylinux2014_x86_64.whl", hash = "sha256:b523466b1a31d0dcef7c5be1f20b942919b62fd6e9a9be199d035509cbefc0ec", size = 4411173 },
    { url = "https://files.pythonhosted.org/packages/b1/df/bf8176aa5db515c5de584c5e00df9bab0713548fd780c82a86cba2c2fedb/pillow-11.1.0-cp313-cp313-manylinux_2_28_aarch64.whl", hash = "sha256:9044b5e4f7083f209c4e35aa5dd54b1dd5b112b108648f5c902ad586d4f945c5", size = 4369145 },
    { url = "https://files.pythonhosted.org/packages/de/7c/7433122d1cfadc740f577cb55526fdc39129a648ac65ce64db2eb7209277/pillow-11.1.0-cp313-cp313-manylinux_2_28_x86_64.whl", hash = "sha256:3764d53e09cdedd91bee65c2527815d315c6b90d7b8b79759cc48d7bf5d4f114", size = 4496340 },
    { url = "https://files.pythonhosted.org/packages/25/46/dd94b93ca6bd555588835f2504bd90c00d5438fe131cf01cfa0c5131a19d/pillow-11.1.0-cp313-cp313-musllinux_1_2_aarch64.whl", hash = "sha256:31eba6bbdd27dde97b0174ddf0297d7a9c3a507a8a1480e1e60ef914fe23d352", size = 4296906 },
    { url = "https://files.pythonhosted.org/packages/a8/28/2f9d32014dfc7753e586db9add35b8a41b7a3b46540e965cb6d6bc607bd2/pillow-11.1.0-cp313-cp313-musllinux_1_2_x86_64.whl", hash = "sha256:b5d658fbd9f0d6eea113aea286b21d3cd4d3fd978157cbf2447a6035916506d3", size = 4431759 },
    { url = "https://files.pythonhosted.org/packages/33/48/19c2cbe7403870fbe8b7737d19eb013f46299cdfe4501573367f6396c775/pillow-11.1.0-cp313-cp313-win32.whl", hash = "sha256:f86d3a7a9af5d826744fabf4afd15b9dfef44fe69a98541f666f66fbb8d3fef9", size = 2291657 },
    { url = "https://files.pythonhosted.org/packages/3b/ad/285c556747d34c399f332ba7c1a595ba245796ef3e22eae190f5364bb62b/pillow-11.1.0-cp313-cp313-win_amd64.whl", hash = "sha256:593c5fd6be85da83656b93ffcccc2312d2d149d251e98588b14fbc288fd8909c", size = 2626304 },
    { url = "https://files.pythonhosted.org/packages/e5/7b/ef35a71163bf36db06e9c8729608f78dedf032fc8313d19bd4be5c2588f3/pillow-11.1.0-cp313-cp313-win_arm64.whl", hash = "sha256:11633d58b6ee5733bde153a8dafd25e505ea3d32e261accd388827ee987baf65", size = 2375117 },
    { url = "https://files.pythonhosted.org/packages/79/30/77f54228401e84d6791354888549b45824ab0ffde659bafa67956303a09f/pillow-11.1.0-cp313-cp313t-macosx_10_13_x86_64.whl", hash = "sha256:70ca5ef3b3b1c4a0812b5c63c57c23b63e53bc38e758b37a951e5bc466449861", size = 3230060 },
    { url = "https://files.pythonhosted.org/packages/ce/b1/56723b74b07dd64c1010fee011951ea9c35a43d8020acd03111f14298225/pillow-11.1.0-cp313-cp313t-macosx_11_0_arm64.whl", hash = "sha256:8000376f139d4d38d6851eb149b321a52bb8893a88dae8ee7d95840431977081", size = 3106192 },
    { url = "https://files.pythonhosted.org/packages/e1/cd/7bf7180e08f80a4dcc6b4c3a0aa9e0b0ae57168562726a05dc8aa8fa66b0/pillow-11.1.0-cp313-cp313t-manylinux_2_17_x86_64.manylinux2014_x86_64.whl", hash = "sha256:9ee85f0696a17dd28fbcfceb59f9510aa71934b483d1f5601d1030c3c8304f3c", size = 4446805 },
    { url = "https://files.pythonhosted.org/packages/97/42/87c856ea30c8ed97e8efbe672b58c8304dee0573f8c7cab62ae9e31db6ae/pillow-11.1.0-cp313-cp313t-manylinux_2_28_x86_64.whl", hash = "sha256:dd0e081319328928531df7a0e63621caf67652c8464303fd102141b785ef9547", size = 4530623 },
    { url = "https://files.pythonhosted.org/packages/ff/41/026879e90c84a88e33fb00cc6bd915ac2743c67e87a18f80270dfe3c2041/pillow-11.1.0-cp313-cp313t-musllinux_1_2_x86_64.whl", hash = "sha256:e63e4e5081de46517099dc30abe418122f54531a6ae2ebc8680bcd7096860eab", size = 4465191 },
    { url = "https://files.pythonhosted.org/packages/e5/fb/a7960e838bc5df57a2ce23183bfd2290d97c33028b96bde332a9057834d3/pillow-11.1.0-cp313-cp313t-win32.whl", hash = "sha256:dda60aa465b861324e65a78c9f5cf0f4bc713e4309f83bc387be158b077963d9", size = 2295494 },
    { url = "https://files.pythonhosted.org/packages/d7/6c/6ec83ee2f6f0fda8d4cf89045c6be4b0373ebfc363ba8538f8c999f63fcd/pillow-11.1.0-cp313-cp313t-win_amd64.whl", hash = "sha256:ad5db5781c774ab9a9b2c4302bbf0c1014960a0a7be63278d13ae6fdf88126fe", size = 2631595 },
    { url = "https://files.pythonhosted.org/packages/cf/6c/41c21c6c8af92b9fea313aa47c75de49e2f9a467964ee33eb0135d47eb64/pillow-11.1.0-cp313-cp313t-win_arm64.whl", hash = "sha256:67cd427c68926108778a9005f2a04adbd5e67c442ed21d95389fe1d595458756", size = 2377651 },
]

[[package]]
name = "pngquant-cli"
version = "3.0.3"
source = { registry = "https://pypi.org/simple" }
sdist = { url = "https://files.pythonhosted.org/packages/20/32/977948819c7096305f94547a9a1d517f3c24bd9929f17eece80bb754fd90/pngquant_cli-3.0.3.tar.gz", hash = "sha256:eff2cce6f1f5fd4c7070bf1e5b834fa01cb0ad0102d9d93448dd034826058d16", size = 122443 }
wheels = [
    { url = "https://files.pythonhosted.org/packages/c7/4e/4876c8ae664d88b635e657655cafe6f99e6c5d4cfc72554f0422486d8893/pngquant_cli-3.0.3-py3-none-macosx_10_12_x86_64.macosx_11_0_arm64.macosx_10_12_universal2.whl", hash = "sha256:6237d40be8cc4e2147d441b98f9bcc5caca426d0a0a4c57c75493010ebc3f30f", size = 824115 },
    { url = "https://files.pythonhosted.org/packages/c4/92/72f842c0ff489c53dc3e08610608a48e7d0ef30855f5857da9679a9f929e/pngquant_cli-3.0.3-py3-none-macosx_10_12_x86_64.whl", hash = "sha256:abdd470788e52e1ca4c418880563b308df262a5124bd2862f022d2f7f4e8f808", size = 529477 },
    { url = "https://files.pythonhosted.org/packages/dd/f1/22296bfbaac1824542a44e188683d991eef421f545fc2331bec3a1d81c46/pngquant_cli-3.0.3-py3-none-manylinux_2_28_x86_64.whl", hash = "sha256:7386b9efc909d5892f7d70c424f125fef6c47969ef424e2048a1189b3c57c7cb", size = 616913 },
    { url = "https://files.pythonhosted.org/packages/23/5f/92c70632203239981f77b3441ac3294bbf0538c5582e6b0f69c3f4d09c47/pngquant_cli-3.0.3-py3-none-win32.whl", hash = "sha256:49432ec733f0df153ac8e831dd2ddfffc7119bbb9757cf55c3734df8e56eacc1", size = 428288 },
    { url = "https://files.pythonhosted.org/packages/52/32/4a906b232cdd6908fe4ab6de1b6423f5e41795db3e5291d3cb7ec1128c5a/pngquant_cli-3.0.3-py3-none-win_amd64.whl", hash = "sha256:c721d25e088603124824e16369bcb5e888f44c9dd2c3883a0327fc7c00984ef2", size = 459819 },
]

[[package]]
name = "pyclipper"
version = "1.3.0.post6"
source = { registry = "https://pypi.org/simple" }
sdist = { url = "https://files.pythonhosted.org/packages/4a/b2/550fe500e49c464d73fabcb8cb04d47e4885d6ca4cfc1f5b0a125a95b19a/pyclipper-1.3.0.post6.tar.gz", hash = "sha256:42bff0102fa7a7f2abdd795a2594654d62b786d0c6cd67b72d469114fdeb608c", size = 165909 }
wheels = [
    { url = "https://files.pythonhosted.org/packages/8c/b3/75232906bd13f869600d23bdb8fe6903cc899fa7e96981ae4c9b7d9c409e/pyclipper-1.3.0.post6-cp313-cp313-macosx_10_13_universal2.whl", hash = "sha256:f129284d2c7bcd213d11c0f35e1ae506a1144ce4954e9d1734d63b120b0a1b58", size = 268254 },
    { url = "https://files.pythonhosted.org/packages/0b/db/35843050a3dd7586781497a21ca6c8d48111afb66061cb40c3d3c288596d/pyclipper-1.3.0.post6-cp313-cp313-macosx_10_13_x86_64.whl", hash = "sha256:188fbfd1d30d02247f92c25ce856f5f3c75d841251f43367dbcf10935bc48f38", size = 142204 },
    { url = "https://files.pythonhosted.org/packages/7c/d7/1faa0ff35caa02cb32cb0583688cded3f38788f33e02bfe6461fbcc1bee1/pyclipper-1.3.0.post6-cp313-cp313-manylinux_2_17_aarch64.manylinux2014_aarch64.whl", hash = "sha256:d6d129d0c2587f2f5904d201a4021f859afbb45fada4261c9fdedb2205b09d23", size = 943835 },
    { url = "https://files.pythonhosted.org/packages/31/10/c0bf140bee2844e2c0617fdcc8a4e8daf98e71710046b06034e6f1963404/pyclipper-1.3.0.post6-cp313-cp313-manylinux_2_17_x86_64.manylinux2014_x86_64.whl", hash = "sha256:5c9c80b5c46eef38ba3f12dd818dc87f5f2a0853ba914b6f91b133232315f526", size = 962510 },
    { url = "https://files.pythonhosted.org/packages/85/6f/8c6afc49b51b1bf16d5903ecd5aee657cf88f52c83cb5fabf771deeba728/pyclipper-1.3.0.post6-cp313-cp313-win32.whl", hash = "sha256:b15113ec4fc423b58e9ae80aa95cf5a0802f02d8f02a98a46af3d7d66ff0cc0e", size = 98836 },
    { url = "https://files.pythonhosted.org/packages/d5/19/9ff4551b42f2068686c50c0d199072fa67aee57fc5cf86770cacf71efda3/pyclipper-1.3.0.post6-cp313-cp313-win_amd64.whl", hash = "sha256:e5ff68fa770ac654c7974fc78792978796f068bd274e95930c0691c31e192889", size = 109672 },
]

[[package]]
name = "regex"
version = "2024.11.6"
source = { registry = "https://pypi.org/simple" }
sdist = { url = "https://files.pythonhosted.org/packages/8e/5f/bd69653fbfb76cf8604468d3b4ec4c403197144c7bfe0e6a5fc9e02a07cb/regex-2024.11.6.tar.gz", hash = "sha256:7ab159b063c52a0333c884e4679f8d7a85112ee3078fe3d9004b2dd875585519", size = 399494 }
wheels = [
    { url = "https://files.pythonhosted.org/packages/90/73/bcb0e36614601016552fa9344544a3a2ae1809dc1401b100eab02e772e1f/regex-2024.11.6-cp313-cp313-macosx_10_13_universal2.whl", hash = "sha256:a6ba92c0bcdf96cbf43a12c717eae4bc98325ca3730f6b130ffa2e3c3c723d84", size = 483525 },
    { url = "https://files.pythonhosted.org/packages/0f/3f/f1a082a46b31e25291d830b369b6b0c5576a6f7fb89d3053a354c24b8a83/regex-2024.11.6-cp313-cp313-macosx_10_13_x86_64.whl", hash = "sha256:525eab0b789891ac3be914d36893bdf972d483fe66551f79d3e27146191a37d4", size = 288324 },
    { url = "https://files.pythonhosted.org/packages/09/c9/4e68181a4a652fb3ef5099e077faf4fd2a694ea6e0f806a7737aff9e758a/regex-2024.11.6-cp313-cp313-macosx_11_0_arm64.whl", hash = "sha256:086a27a0b4ca227941700e0b31425e7a28ef1ae8e5e05a33826e17e47fbfdba0", size = 284617 },
    { url = "https://files.pythonhosted.org/packages/fc/fd/37868b75eaf63843165f1d2122ca6cb94bfc0271e4428cf58c0616786dce/regex-2024.11.6-cp313-cp313-manylinux_2_17_aarch64.manylinux2014_aarch64.whl", hash = "sha256:bde01f35767c4a7899b7eb6e823b125a64de314a8ee9791367c9a34d56af18d0", size = 795023 },
    { url = "https://files.pythonhosted.org/packages/c4/7c/d4cd9c528502a3dedb5c13c146e7a7a539a3853dc20209c8e75d9ba9d1b2/regex-2024.11.6-cp313-cp313-manylinux_2_17_ppc64le.manylinux2014_ppc64le.whl", hash = "sha256:b583904576650166b3d920d2bcce13971f6f9e9a396c673187f49811b2769dc7", size = 833072 },
    { url = "https://files.pythonhosted.org/packages/4f/db/46f563a08f969159c5a0f0e722260568425363bea43bb7ae370becb66a67/regex-2024.11.6-cp313-cp313-manylinux_2_17_s390x.manylinux2014_s390x.whl", hash = "sha256:1c4de13f06a0d54fa0d5ab1b7138bfa0d883220965a29616e3ea61b35d5f5fc7", size = 823130 },
    { url = "https://files.pythonhosted.org/packages/db/60/1eeca2074f5b87df394fccaa432ae3fc06c9c9bfa97c5051aed70e6e00c2/regex-2024.11.6-cp313-cp313-manylinux_2_17_x86_64.manylinux2014_x86_64.whl", hash = "sha256:3cde6e9f2580eb1665965ce9bf17ff4952f34f5b126beb509fee8f4e994f143c", size = 796857 },
    { url = "https://files.pythonhosted.org/packages/10/db/ac718a08fcee981554d2f7bb8402f1faa7e868c1345c16ab1ebec54b0d7b/regex-2024.11.6-cp313-cp313-manylinux_2_5_i686.manylinux1_i686.manylinux_2_17_i686.manylinux2014_i686.whl", hash = "sha256:0d7f453dca13f40a02b79636a339c5b62b670141e63efd511d3f8f73fba162b3", size = 784006 },
    { url = "https://files.pythonhosted.org/packages/c2/41/7da3fe70216cea93144bf12da2b87367590bcf07db97604edeea55dac9ad/regex-2024.11.6-cp313-cp313-musllinux_1_2_aarch64.whl", hash = "sha256:59dfe1ed21aea057a65c6b586afd2a945de04fc7db3de0a6e3ed5397ad491b07", size = 781650 },
    { url = "https://files.pythonhosted.org/packages/a7/d5/880921ee4eec393a4752e6ab9f0fe28009435417c3102fc413f3fe81c4e5/regex-2024.11.6-cp313-cp313-musllinux_1_2_i686.whl", hash = "sha256:b97c1e0bd37c5cd7902e65f410779d39eeda155800b65fc4d04cc432efa9bc6e", size = 789545 },
    { url = "https://files.pythonhosted.org/packages/dc/96/53770115e507081122beca8899ab7f5ae28ae790bfcc82b5e38976df6a77/regex-2024.11.6-cp313-cp313-musllinux_1_2_ppc64le.whl", hash = "sha256:f9d1e379028e0fc2ae3654bac3cbbef81bf3fd571272a42d56c24007979bafb6", size = 853045 },
    { url = "https://files.pythonhosted.org/packages/31/d3/1372add5251cc2d44b451bd94f43b2ec78e15a6e82bff6a290ef9fd8f00a/regex-2024.11.6-cp313-cp313-musllinux_1_2_s390x.whl", hash = "sha256:13291b39131e2d002a7940fb176e120bec5145f3aeb7621be6534e46251912c4", size = 860182 },
    { url = "https://files.pythonhosted.org/packages/ed/e3/c446a64984ea9f69982ba1a69d4658d5014bc7a0ea468a07e1a1265db6e2/regex-2024.11.6-cp313-cp313-musllinux_1_2_x86_64.whl", hash = "sha256:4f51f88c126370dcec4908576c5a627220da6c09d0bff31cfa89f2523843316d", size = 787733 },
    { url = "https://files.pythonhosted.org/packages/2b/f1/e40c8373e3480e4f29f2692bd21b3e05f296d3afebc7e5dcf21b9756ca1c/regex-2024.11.6-cp313-cp313-win32.whl", hash = "sha256:63b13cfd72e9601125027202cad74995ab26921d8cd935c25f09c630436348ff", size = 262122 },
    { url = "https://files.pythonhosted.org/packages/45/94/bc295babb3062a731f52621cdc992d123111282e291abaf23faa413443ea/regex-2024.11.6-cp313-cp313-win_amd64.whl", hash = "sha256:2b3361af3198667e99927da8b84c1b010752fa4b1115ee30beaa332cabc3ef1a", size = 273545 },
]

[[package]]
name = "resvg-cli"
version = "0.44.0"
source = { registry = "https://pypi.org/simple" }
sdist = { url = "https://files.pythonhosted.org/packages/a9/b3/3f7a797195cb21b452a63c3172766d7345d6a69949cdef664c5b1e367ccf/resvg_cli-0.44.0.tar.gz", hash = "sha256:ca83730c4e2b440f7faf2dd29c4e460145bad907ade12b16968a62d71f54adf2", size = 218380 }
wheels = [
    { url = "https://files.pythonhosted.org/packages/bf/9c/a87dccda9d853b3e31979f909c7ef301bfeaf468f31f83d86d11f0321081/resvg_cli-0.44.0-py3-none-macosx_10_12_x86_64.macosx_11_0_arm64.macosx_10_12_universal2.whl", hash = "sha256:ef619f311e8aaa4ad69f255bc9501402053075b7379a05e62b6bee72e01ab601", size = 2942055 },
    { url = "https://files.pythonhosted.org/packages/a3/41/5dd328a6d952445b1ee60dee5ef15a71741a217bd575352619f0b929d6b0/resvg_cli-0.44.0-py3-none-macosx_10_12_x86_64.whl", hash = "sha256:c9da7c6aded59efd3b9deb96b07903147e9f91318e19d4bbccfd8ced0f6b948e", size = 1510632 },
    { url = "https://files.pythonhosted.org/packages/55/d4/ca0ef5a6f73fe5af578c5c9c4eeca4d4e22137e066eb93c94b0c71a152eb/resvg_cli-0.44.0-py3-none-manylinux_2_28_x86_64.whl", hash = "sha256:3d9aad83dc1e170ca74b0f388928d0a8b7c690ad3c99eb9f30925ded0268ae8e", size = 1636341 },
    { url = "https://files.pythonhosted.org/packages/64/62/fb4009ca97740bd395d115c006e8bc15d294eaad8ca805782b4b19a61dc4/resvg_cli-0.44.0-py3-none-win32.whl", hash = "sha256:978b25ffb528d91ea5a2535ef896e1e77f97c7509a510dedeaf68350bc00726d", size = 1286092 },
    { url = "https://files.pythonhosted.org/packages/6a/3f/8209c9fd494eb309a28984e8d90536eef759dfceb98072cc1f53a25ec7a7/resvg_cli-0.44.0-py3-none-win_amd64.whl", hash = "sha256:b97aa78bf6f9ce4dea0e0e130f1ae64dbc4b281a703901c73bf2efcbe9a7f13d", size = 1316585 },
]

[[package]]
name = "setuptools"
version = "76.0.0"
source = { registry = "https://pypi.org/simple" }
sdist = { url = "https://files.pythonhosted.org/packages/32/d2/7b171caf085ba0d40d8391f54e1c75a1cda9255f542becf84575cfd8a732/setuptools-76.0.0.tar.gz", hash = "sha256:43b4ee60e10b0d0ee98ad11918e114c70701bc6051662a9a675a0496c1a158f4", size = 1349387 }
wheels = [
    { url = "https://files.pythonhosted.org/packages/37/66/d2d7e6ad554f3a7c7297c3f8ef6e22643ad3d35ef5c63bf488bc89f32f31/setuptools-76.0.0-py3-none-any.whl", hash = "sha256:199466a166ff664970d0ee145839f5582cb9bca7a0a3a2e795b6a9cb2308e9c6", size = 1236106 },
]

[[package]]
name = "six"
version = "1.17.0"
source = { registry = "https://pypi.org/simple" }
sdist = { url = "https://files.pythonhosted.org/packages/94/e7/b2c673351809dca68a0e064b6af791aa332cf192da575fd474ed7d6f16a2/six-1.17.0.tar.gz", hash = "sha256:ff70335d468e7eb6ec65b95b99d3a2836546063f63acc5171de367e834932a81", size = 34031 }
wheels = [
    { url = "https://files.pythonhosted.org/packages/b7/ce/149a00dd41f10bc29e5921b496af8b574d8413afcd5e30dfa0ed46c2cc5e/six-1.17.0-py2.py3-none-any.whl", hash = "sha256:4721f391ed90541fddacab5acf947aa0d3dc7d27b2e1e8eda2be8970586c3274", size = 11050 },
]

[[package]]
name = "skia-pathops"
version = "0.8.0.post2"
source = { registry = "https://pypi.org/simple" }
sdist = { url = "https://files.pythonhosted.org/packages/e5/85/4c6ce1f1f3e8d3888165f2830adcf340922416c155647b12ebac2dcc423e/skia_pathops-0.8.0.post2.zip", hash = "sha256:9e252cdeb6c4d162e82986d31dbd89c675d1677cb8019c2e13e6295d4a557269", size = 66956087 }
wheels = [
    { url = "https://files.pythonhosted.org/packages/ee/bd/3036a1229952b8d96e1a5c32626d9aa0fa4cdfc9d2868829c2ab93828f75/skia_pathops-0.8.0.post2-cp313-cp313-macosx_10_13_universal2.whl", hash = "sha256:4059d5c54dc4d2686e3b54c347fa1aad48ef6a0bc12ca75a27a260b291a98238", size = 3001951 },
    { url = "https://files.pythonhosted.org/packages/db/30/51a5e15e05d56278393666ab6ca5e43a7fc6822f2372d565f71e247af0bb/skia_pathops-0.8.0.post2-cp313-cp313-macosx_10_13_x86_64.whl", hash = "sha256:c0db10dfb00a1093a72e56827c172e3ca4922762f4c321d6ccc0703bc201b966", size = 1626535 },
    { url = "https://files.pythonhosted.org/packages/22/f3/78f942c0fdabb6da1c16b1a415c98efd256caa2191838045c9e7317218cb/skia_pathops-0.8.0.post2-cp313-cp313-manylinux_2_17_aarch64.manylinux2014_aarch64.whl", hash = "sha256:ddb5b52fae729ea456e777e715d17f25940e53bbd0ca0fad8b1e6268c7f493be", size = 3177784 },
    { url = "https://files.pythonhosted.org/packages/6a/ff/0095a0313416c68df090c29f250c900f4dba4d68b4750bcd463f9ca1c52a/skia_pathops-0.8.0.post2-cp313-cp313-manylinux_2_17_x86_64.manylinux2014_x86_64.whl", hash = "sha256:7db6b12d5cd85d0dec27f8f4ff41f8e2befa76a40170cda9715f98d2002d0da1", size = 3375866 },
    { url = "https://files.pythonhosted.org/packages/12/56/a5ef7bb7fac2bbddb0937187cf1283deaee33002056bed8304d499534ea6/skia_pathops-0.8.0.post2-cp313-cp313-musllinux_1_2_x86_64.whl", hash = "sha256:ae0a7937f6160247515a272f36598e35abb700ae4f1b5adec2e8119fcd535dcb", size = 4463385 },
    { url = "https://files.pythonhosted.org/packages/25/21/ab107c2cf99f047c77a01ef9b564f393a6ada8585d3337b1dcdd8488abee/skia_pathops-0.8.0.post2-cp313-cp313-win32.whl", hash = "sha256:20e759441ce209e0fe026900057ac846e6912e7112b81229c330a6ad1e550efb", size = 2330817 },
    { url = "https://files.pythonhosted.org/packages/db/ca/cf1b0938a249d02f0b9245a3105faa1a01dd909e7cafee50c2d50899051b/skia_pathops-0.8.0.post2-cp313-cp313-win_amd64.whl", hash = "sha256:1753fd7b4151c9ae3e5f198227ab39598a60be90c7ccc5c796a6ca5ef26d24d6", size = 2916031 },
]

[[package]]
name = "toml"
version = "0.10.2"
source = { registry = "https://pypi.org/simple" }
sdist = { url = "https://files.pythonhosted.org/packages/be/ba/1f744cdc819428fc6b5084ec34d9b30660f6f9daaf70eead706e3203ec3c/toml-0.10.2.tar.gz", hash = "sha256:b3bda1d108d5dd99f4a20d24d9c348e91c4db7ab1b749200bded2f839ccbe68f", size = 22253 }
wheels = [
    { url = "https://files.pythonhosted.org/packages/44/6f/7120676b6d73228c96e17f1f794d8ab046fc910d781c8d151120c3f1569e/toml-0.10.2-py2.py3-none-any.whl", hash = "sha256:806143ae5bfb6a3c6e736a764057db0e6a0e05e338b5630894a5f779cabb4f9b", size = 16588 },
]

[[package]]
name = "ufo2ft"
version = "3.4.2"
source = { registry = "https://pypi.org/simple" }
dependencies = [
    { name = "booleanoperations" },
    { name = "cffsubr" },
    { name = "fontmath" },
    { name = "fonttools", extra = ["ufo"] },
]
sdist = { url = "https://files.pythonhosted.org/packages/34/e1/eceb6b402539ce8ab9abffa03e64b1f872f9b440c1417687ee91c9a7845b/ufo2ft-3.4.2.tar.gz", hash = "sha256:2912e462635200bd2ce86d7c013c546b8e759978a7558bc3c5eeb36d8877914e", size = 427103 }
wheels = [
    { url = "https://files.pythonhosted.org/packages/2a/49/beb0058ebef94d12d23d1afb9052c97fa67d04ff1bffafcc8bc881c85304/ufo2ft-3.4.2-py2.py3-none-any.whl", hash = "sha256:1951b2e29dd72cb55fd128dd02a3ed288f05c02c7f33cd1c5b45078812db6dec", size = 159804 },
]

[[package]]
name = "ufolib2"
version = "0.17.1"
source = { registry = "https://pypi.org/simple" }
dependencies = [
    { name = "attrs" },
    { name = "fonttools", extra = ["ufo"] },
]
sdist = { url = "https://files.pythonhosted.org/packages/fb/4a/45e392757bd28148d954c7418b99afbed4b45c334b52f42daaceed885aa5/ufolib2-0.17.1.tar.gz", hash = "sha256:f6ab3171ff20615bb81c888faae1d871566bd14de6bdc94cc8f3971f6377bbd0", size = 97354 }
wheels = [
    { url = "https://files.pythonhosted.org/packages/38/b5/52a996e4dade25b4659542ff7f727e05fc32d59082bfb15389a399f4484e/ufoLib2-0.17.1-py3-none-any.whl", hash = "sha256:aa3a03dcb51cde7b9696d496ca603bb13d6633e295cbd14a3f7ff293df23bc2a", size = 52825 },
]

[[package]]
name = "zopfli"
version = "0.2.3.post1"
source = { registry = "https://pypi.org/simple" }
sdist = { url = "https://files.pythonhosted.org/packages/5e/7c/a8f6696e694709e2abcbccd27d05ef761e9b6efae217e11d977471555b62/zopfli-0.2.3.post1.tar.gz", hash = "sha256:96484dc0f48be1c5d7ae9f38ed1ce41e3675fd506b27c11a6607f14b49101e99", size = 175629 }
wheels = [
    { url = "https://files.pythonhosted.org/packages/2b/24/0e552e2efce9a20625b56e9609d1e33c2966be33fc008681121ec267daec/zopfli-0.2.3.post1-cp313-cp313-macosx_10_13_universal2.whl", hash = "sha256:ecb7572df5372abce8073df078207d9d1749f20b8b136089916a4a0868d56051", size = 295485 },
    { url = "https://files.pythonhosted.org/packages/08/83/b2564369fb98797a617fe2796097b1d719a4937234375757ad2a3febc04b/zopfli-0.2.3.post1-cp313-cp313-macosx_10_13_x86_64.whl", hash = "sha256:a1cf720896d2ce998bc8e051d4b4ce0d8bec007aab6243102e8e1d22a0b2fb3f", size = 163000 },
    { url = "https://files.pythonhosted.org/packages/3c/55/81d419739c2aab35e19b58bce5498dcb58e6446e5eb69f2d3c748b1c9151/zopfli-0.2.3.post1-cp313-cp313-manylinux_2_12_i686.manylinux2010_i686.manylinux_2_17_i686.manylinux2014_i686.whl", hash = "sha256:5aad740b4d4fcbaaae4887823925166ffd062db3b248b3f432198fc287381d1a", size = 823699 },
    { url = "https://files.pythonhosted.org/packages/9e/91/89f07c8ea3c9bc64099b3461627b07a8384302235ee0f357eaa86f98f509/zopfli-0.2.3.post1-cp313-cp313-manylinux_2_17_aarch64.manylinux2014_aarch64.whl", hash = "sha256:6617fb10f9e4393b331941861d73afb119cd847e88e4974bdbe8068ceef3f73f", size = 826612 },
    { url = "https://files.pythonhosted.org/packages/41/31/46670fc0c7805d42bc89702440fa9b73491d68abbc39e28d687180755178/zopfli-0.2.3.post1-cp313-cp313-manylinux_2_17_x86_64.manylinux2014_x86_64.whl", hash = "sha256:a53b18797cdef27e019db595d66c4b077325afe2fd62145953275f53d84ce40c", size = 851148 },
    { url = "https://files.pythonhosted.org/packages/22/00/71ad39277bbb88f9fd20fb786bd3ff2ea4025c53b31652a0da796fb546cd/zopfli-0.2.3.post1-cp313-cp313-musllinux_1_2_aarch64.whl", hash = "sha256:b78008a69300d929ca2efeffec951b64a312e9a811e265ea4a907ab546d79fa6", size = 1754215 },
    { url = "https://files.pythonhosted.org/packages/d0/4e/e542c508d20c3dfbef1b90fcf726f824f505e725747f777b0b7b7d1deb95/zopfli-0.2.3.post1-cp313-cp313-musllinux_1_2_i686.whl", hash = "sha256:0aa5f90d6298bda02a95bc8dc8c3c19004d5a4e44bda00b67ca7431d857b4b54", size = 1905988 },
    { url = "https://files.pythonhosted.org/packages/ba/a5/817ac1ecc888723e91dc172e8c6eeab9f48a1e52285803b965084e11bbd5/zopfli-0.2.3.post1-cp313-cp313-musllinux_1_2_x86_64.whl", hash = "sha256:2768c877f76c8a0e7519b1c86c93757f3c01492ddde55751e9988afb7eff64e1", size = 1835907 },
    { url = "https://files.pythonhosted.org/packages/cd/35/2525f90c972d8aafc39784a8c00244eeee8e8221b26cbc576748ee9dc1cd/zopfli-0.2.3.post1-cp313-cp313-win32.whl", hash = "sha256:71390dbd3fbf6ebea9a5d85ffed8c26ee1453ee09248e9b88486e30e0397b775", size = 82742 },
    { url = "https://files.pythonhosted.org/packages/2f/c6/49b27570923956d52d37363e8f5df3a31a61bd7719bb8718527a9df3ae5f/zopfli-0.2.3.post1-cp313-cp313-win_amd64.whl", hash = "sha256:a86eb88e06bd87e1fff31dac878965c26b0c26db59ddcf78bb0379a954b120de", size = 99408 },
]
